
Microsoft Visual Studio Solution File, Format Version 12.00
# 
Project("{FAE04EC0-301F-11D3-BF4B-00C04F79EFBC}") = "01", "01\01.csproj", "{2D458D37-88EA-4DB3-9F38-86894698CF1F}"
EndProject
Project("{FAE04EC0-301F-11D3-BF4B-00C04F79EFBC}") = "02", "02\02.csproj", "{836FA049-F82F-417F-BD3C-1569BB44AED9}"
EndProject
Project("{2150E333-8FDC-42A3-9474-1A3956D46DE8}") = "AoC22", "AoC22", "{A552A6CC-DC85-43B2-A968-B97385B65422}"
EndProject
Project("{FAE04EC0-301F-11D3-BF4B-00C04F79EFBC}") = "03", "03\03.csproj", "{3181F0E2-E880-45EA-8AB1-2F372236D21E}"
EndProject
Project("{FAE04EC0-301F-11D3-BF4B-00C04F79EFBC}") = "AoCTemplate", "AoCTemplate\AoCTemplate.csproj", "{764AC558-5E4C-40D5-87E6-C1336F7EED52}"
EndProject
Project("{FAE04EC0-301F-11D3-BF4B-00C04F79EFBC}") = "04", "04\04.csproj", "{79906C5D-A9D9-4F17-B6F8-9119A21320AF}"
EndProject
Project("{FAE04EC0-301F-11D3-BF4B-00C04F79EFBC}") = "05", "05\05.csproj", "{0BA983B5-7353-411C-A966-08887B6FFBE5}"
EndProject
Global
	GlobalSection(SolutionConfigurationPlatforms) = preSolution
		Debug|Any CPU = Debug|Any CPU
		Release|Any CPU = Release|Any CPU
	EndGlobalSection
	GlobalSection(ProjectConfigurationPlatforms) = postSolution
		{2D458D37-88EA-4DB3-9F38-86894698CF1F}.Debug|Any CPU.ActiveCfg = Debug|Any CPU
		{2D458D37-88EA-4DB3-9F38-86894698CF1F}.Debug|Any CPU.Build.0 = Debug|Any CPU
		{2D458D37-88EA-4DB3-9F38-86894698CF1F}.Release|Any CPU.ActiveCfg = Release|Any CPU
		{2D458D37-88EA-4DB3-9F38-86894698CF1F}.Release|Any CPU.Build.0 = Release|Any CPU
		{836FA049-F82F-417F-BD3C-1569BB44AED9}.Debug|Any CPU.ActiveCfg = Debug|Any CPU
		{836FA049-F82F-417F-BD3C-1569BB44AED9}.Debug|Any CPU.Build.0 = Debug|Any CPU
		{836FA049-F82F-417F-BD3C-1569BB44AED9}.Release|Any CPU.ActiveCfg = Release|Any CPU
		{836FA049-F82F-417F-BD3C-1569BB44AED9}.Release|Any CPU.Build.0 = Release|Any CPU
		{3181F0E2-E880-45EA-8AB1-2F372236D21E}.Debug|Any CPU.ActiveCfg = Debug|Any CPU
		{3181F0E2-E880-45EA-8AB1-2F372236D21E}.Debug|Any CPU.Build.0 = Debug|Any CPU
		{3181F0E2-E880-45EA-8AB1-2F372236D21E}.Release|Any CPU.ActiveCfg = Release|Any CPU
		{3181F0E2-E880-45EA-8AB1-2F372236D21E}.Release|Any CPU.Build.0 = Release|Any CPU
		{764AC558-5E4C-40D5-87E6-C1336F7EED52}.Debug|Any CPU.ActiveCfg = Debug|Any CPU
		{764AC558-5E4C-40D5-87E6-C1336F7EED52}.Debug|Any CPU.Build.0 = Debug|Any CPU
		{764AC558-5E4C-40D5-87E6-C1336F7EED52}.Release|Any CPU.ActiveCfg = Release|Any CPU
		{764AC558-5E4C-40D5-87E6-C1336F7EED52}.Release|Any CPU.Build.0 = Release|Any CPU
		{79906C5D-A9D9-4F17-B6F8-9119A21320AF}.Debug|Any CPU.ActiveCfg = Debug|Any CPU
		{79906C5D-A9D9-4F17-B6F8-9119A21320AF}.Debug|Any CPU.Build.0 = Debug|Any CPU
		{79906C5D-A9D9-4F17-B6F8-9119A21320AF}.Release|Any CPU.ActiveCfg = Release|Any CPU
		{79906C5D-A9D9-4F17-B6F8-9119A21320AF}.Release|Any CPU.Build.0 = Release|Any CPU
		{0BA983B5-7353-411C-A966-08887B6FFBE5}.Debug|Any CPU.ActiveCfg = Debug|Any CPU
		{0BA983B5-7353-411C-A966-08887B6FFBE5}.Debug|Any CPU.Build.0 = Debug|Any CPU
		{0BA983B5-7353-411C-A966-08887B6FFBE5}.Release|Any CPU.ActiveCfg = Release|Any CPU
		{0BA983B5-7353-411C-A966-08887B6FFBE5}.Release|Any CPU.Build.0 = Release|Any CPU
	EndGlobalSection
	GlobalSection(NestedProjects) = preSolution
	EndGlobalSection
EndGlobal
